{
  "name": "SkiFree.js",
  "version": "0.1.0",
  "dependencies": {
    "br-mousetrap": {
      "version": "1.1.3",
      "from": "br-mousetrap@",
      "resolved": "https://registry.npmjs.org/br-mousetrap/-/br-mousetrap-1.1.3.tgz"
    },
    "eventedloop": {
      "version": "1.0.1",
      "from": "eventedloop@~1.0.1",
      "dependencies": {
        "underscore": {
          "version": "1.6.0",
          "from": "underscore@~1.6.0"
        }
      }
    },
    "hammerjs": {
      "version": "1.0.7-dev",
      "from": "hammerjs@git://github.com/EightMedia/hammer.js",
      "resolved": "git://github.com/EightMedia/hammer.js#d0bac7f9daa6793219a7d823dfee8d9e98b7ed75"
    }
  }
}
